Microsoft Visual Studio Solution File, Format Version 12.00
# Visual Studio Version 17
VisualStudioVersion = 17.5.2.0
MinimumVisualStudioVersion = 10.0.40219.1
Project("{FAE04EC0-301F-11D3-BF4B-00C04F79EFBC}") = "dotnet-otel-simple", "dotnet-otel-simple.csproj", "{D9D48C5F-BC04-F829-51E0-A0DB05E34FF8}"
EndProject
Global
	GlobalSection(SolutionConfigurationPlatforms) = preSolution
		Debug|Any CPU = Debug|Any CPU
		Release|Any CPU = Release|Any CPU
	EndGlobalSection
	GlobalSection(ProjectConfigurationPlatforms) = postSolution
		{D9D48C5F-BC04-F829-51E0-A0DB05E34FF8}.Debug|Any CPU.ActiveCfg = Debug|Any CPU
		{D9D48C5F-BC04-F829-51E0-A0DB05E34FF8}.Debug|Any CPU.Build.0 = Debug|Any CPU
		{D9D48C5F-BC04-F829-51E0-A0DB05E34FF8}.Release|Any CPU.ActiveCfg = Release|Any CPU
		{D9D48C5F-BC04-F829-51E0-A0DB05E34FF8}.Release|Any CPU.Build.0 = Release|Any CPU
	EndGlobalSection
	GlobalSection(SolutionProperties) = preSolution
		HideSolutionNode = FALSE
	EndGlobalSection
	GlobalSection(ExtensibilityGlobals) = postSolution
		SolutionGuid = {59BE21A2-F918-4360-9327-53DA5C301807}
	EndGlobalSection
EndGlobal
