Microsoft Visual Studio Solution File, Format Version 12.00
# Visual Studio Version 17
VisualStudioVersion = 17.5.2.0
MinimumVisualStudioVersion = 10.0.40219.1
Project("{FAE04EC0-301F-11D3-BF4B-00C04F79EFBC}") = "aspNetOnLambdaWithAuto", "aspNetOnLambdaWithAuto.csproj", "{C81EB9EC-94FE-E54B-1633-245D66592398}"
EndProject
Global
	GlobalSection(SolutionConfigurationPlatforms) = preSolution
		Debug|Any CPU = Debug|Any CPU
		Release|Any CPU = Release|Any CPU
	EndGlobalSection
	GlobalSection(ProjectConfigurationPlatforms) = postSolution
		{C81EB9EC-94FE-E54B-1633-245D66592398}.Debug|Any CPU.ActiveCfg = Debug|Any CPU
		{C81EB9EC-94FE-E54B-1633-245D66592398}.Debug|Any CPU.Build.0 = Debug|Any CPU
		{C81EB9EC-94FE-E54B-1633-245D66592398}.Release|Any CPU.ActiveCfg = Release|Any CPU
		{C81EB9EC-94FE-E54B-1633-245D66592398}.Release|Any CPU.Build.0 = Release|Any CPU
	EndGlobalSection
	GlobalSection(SolutionProperties) = preSolution
		HideSolutionNode = FALSE
	EndGlobalSection
	GlobalSection(ExtensibilityGlobals) = postSolution
		SolutionGuid = {27871175-BA9A-494E-9D1C-4503F07F9292}
	EndGlobalSection
EndGlobal
